
Microsoft Visual Studio Solution File, Format Version 12.00
# Visual Studio 15
VisualStudioVersion = 15.0.27004.2006
MinimumVisualStudioVersion = 10.0.40219.1
Project("{FAE04EC0-301F-11D3-BF4B-00C04F79EFBC}") = "providerSampleApp.Android", "providerSampleApp\providerSampleApp.Android\providerSampleApp.Android.csproj", "{D6ACCA0E-2C1E-4C54-BF7D-A4D48098A5D7}"
EndProject
Project("{FAE04EC0-301F-11D3-BF4B-00C04F79EFBC}") = "providerSampleApp", "providerSampleApp\providerSampleApp\providerSampleApp.csproj", "{7918F9CA-FEAD-4024-8448-F68F91DA6178}"
EndProject
Project("{FAE04EC0-301F-11D3-BF4B-00C04F79EFBC}") = "providerSampleApp.UWP", "providerSampleApp\providerSampleApp.UWP\providerSampleApp.UWP.csproj", "{E41F858A-8E2B-4C55-AEC9-C65A53E1402C}"
EndProject
Project("{FAE04EC0-301F-11D3-BF4B-00C04F79EFBC}") = "providerSampleApp.iOS", "providerSampleApp\providerSampleApp.iOS\providerSampleApp.iOS.csproj", "{87495C9E-7FA4-4594-9DEA-A7DED8FFB5DA}"
EndProject
Project("{FAE04EC0-301F-11D3-BF4B-00C04F79EFBC}") = "ProviderAppBLForms", "ProviderAppBLForms\ProviderAppBLForms.csproj", "{7389288B-C377-46E8-9078-1D7FD405C9E4}"
EndProject
Project("{FAE04EC0-301F-11D3-BF4B-00C04F79EFBC}") = "ProviderAppCommonForms", "ProviderAppCommonForms\ProviderAppCommonForms.csproj", "{D6B439CA-8CD7-4DF1-BB27-FA5D19CBD67A}"
EndProject
Project("{FAE04EC0-301F-11D3-BF4B-00C04F79EFBC}") = "ProviderAppModelForms", "ProviderAppModelForms\ProviderAppModelForms.csproj", "{F7CE9F52-F07D-497C-8D7E-0FB5F8365F1A}"
EndProject
Project("{FAE04EC0-301F-11D3-BF4B-00C04F79EFBC}") = "ProviderAppIALForms", "ProviderAppIALForms\ProviderAppIALForms.csproj", "{512313FD-D03A-4664-9644-99FF60038241}"
EndProject
Global
	GlobalSection(SolutionConfigurationPlatforms) = preSolution
		Ad-Hoc|Any CPU = Ad-Hoc|Any CPU
		Ad-Hoc|ARM = Ad-Hoc|ARM
		Ad-Hoc|iPhone = Ad-Hoc|iPhone
		Ad-Hoc|iPhoneSimulator = Ad-Hoc|iPhoneSimulator
		Ad-Hoc|x64 = Ad-Hoc|x64
		Ad-Hoc|x86 = Ad-Hoc|x86
		AppStore|Any CPU = AppStore|Any CPU
		AppStore|ARM = AppStore|ARM
		AppStore|iPhone = AppStore|iPhone
		AppStore|iPhoneSimulator = AppStore|iPhoneSimulator
		AppStore|x64 = AppStore|x64
		AppStore|x86 = AppStore|x86
		Debug|Any CPU = Debug|Any CPU
		Debug|ARM = Debug|ARM
		Debug|iPhone = Debug|iPhone
		Debug|iPhoneSimulator = Debug|iPhoneSimulator
		Debug|x64 = Debug|x64
		Debug|x86 = Debug|x86
		Release|Any CPU = Release|Any CPU
		Release|ARM = Release|ARM
		Release|iPhone = Release|iPhone
		Release|iPhoneSimulator = Release|iPhoneSimulator
		Release|x64 = Release|x64
		Release|x86 = Release|x86
	EndGlobalSection
	GlobalSection(ProjectConfigurationPlatforms) = postSolution
		{D6ACCA0E-2C1E-4C54-BF7D-A4D48098A5D7}.Ad-Hoc|Any CPU.ActiveCfg = Release|Any CPU
		{D6ACCA0E-2C1E-4C54-BF7D-A4D48098A5D7}.Ad-Hoc|Any CPU.Build.0 = Release|Any CPU
		{D6ACCA0E-2C1E-4C54-BF7D-A4D48098A5D7}.Ad-Hoc|Any CPU.Deploy.0 = Release|Any CPU
		{D6ACCA0E-2C1E-4C54-BF7D-A4D48098A5D7}.Ad-Hoc|ARM.ActiveCfg = Release|Any CPU
		{D6ACCA0E-2C1E-4C54-BF7D-A4D48098A5D7}.Ad-Hoc|ARM.Build.0 = Release|Any CPU
		{D6ACCA0E-2C1E-4C54-BF7D-A4D48098A5D7}.Ad-Hoc|ARM.Deploy.0 = Release|Any CPU
		{D6ACCA0E-2C1E-4C54-BF7D-A4D48098A5D7}.Ad-Hoc|iPhone.ActiveCfg = Release|Any CPU
		{D6ACCA0E-2C1E-4C54-BF7D-A4D48098A5D7}.Ad-Hoc|iPhone.Build.0 = Release|Any CPU
		{D6ACCA0E-2C1E-4C54-BF7D-A4D48098A5D7}.Ad-Hoc|iPhone.Deploy.0 = Release|Any CPU
		{D6ACCA0E-2C1E-4C54-BF7D-A4D48098A5D7}.Ad-Hoc|iPhoneSimulator.ActiveCfg = Release|Any CPU
		{D6ACCA0E-2C1E-4C54-BF7D-A4D48098A5D7}.Ad-Hoc|iPhoneSimulator.Build.0 = Release|Any CPU
		{D6ACCA0E-2C1E-4C54-BF7D-A4D48098A5D7}.Ad-Hoc|iPhoneSimulator.Deploy.0 = Release|Any CPU
		{D6ACCA0E-2C1E-4C54-BF7D-A4D48098A5D7}.Ad-Hoc|x64.ActiveCfg = Release|Any CPU
		{D6ACCA0E-2C1E-4C54-BF7D-A4D48098A5D7}.Ad-Hoc|x64.Build.0 = Release|Any CPU
		{D6ACCA0E-2C1E-4C54-BF7D-A4D48098A5D7}.Ad-Hoc|x64.Deploy.0 = Release|Any CPU
		{D6ACCA0E-2C1E-4C54-BF7D-A4D48098A5D7}.Ad-Hoc|x86.ActiveCfg = Release|Any CPU
		{D6ACCA0E-2C1E-4C54-BF7D-A4D48098A5D7}.Ad-Hoc|x86.Build.0 = Release|Any CPU
		{D6ACCA0E-2C1E-4C54-BF7D-A4D48098A5D7}.Ad-Hoc|x86.Deploy.0 = Release|Any CPU
		{D6ACCA0E-2C1E-4C54-BF7D-A4D48098A5D7}.AppStore|Any CPU.ActiveCfg = Release|Any CPU
		{D6ACCA0E-2C1E-4C54-BF7D-A4D48098A5D7}.AppStore|Any CPU.Build.0 = Release|Any CPU
		{D6ACCA0E-2C1E-4C54-BF7D-A4D48098A5D7}.AppStore|Any CPU.Deploy.0 = Release|Any CPU
		{D6ACCA0E-2C1E-4C54-BF7D-A4D48098A5D7}.AppStore|ARM.ActiveCfg = Release|Any CPU
		{D6ACCA0E-2C1E-4C54-BF7D-A4D48098A5D7}.AppStore|ARM.Build.0 = Release|Any CPU
		{D6ACCA0E-2C1E-4C54-BF7D-A4D48098A5D7}.AppStore|ARM.Deploy.0 = Release|Any CPU
		{D6ACCA0E-2C1E-4C54-BF7D-A4D48098A5D7}.AppStore|iPhone.ActiveCfg = Release|Any CPU
		{D6ACCA0E-2C1E-4C54-BF7D-A4D48098A5D7}.AppStore|iPhone.Build.0 = Release|Any CPU
		{D6ACCA0E-2C1E-4C54-BF7D-A4D48098A5D7}.AppStore|iPhone.Deploy.0 = Release|Any CPU
		{D6ACCA0E-2C1E-4C54-BF7D-A4D48098A5D7}.AppStore|iPhoneSimulator.ActiveCfg = Release|Any CPU
		{D6ACCA0E-2C1E-4C54-BF7D-A4D48098A5D7}.AppStore|iPhoneSimulator.Build.0 = Release|Any CPU
		{D6ACCA0E-2C1E-4C54-BF7D-A4D48098A5D7}.AppStore|iPhoneSimulator.Deploy.0 = Release|Any CPU
		{D6ACCA0E-2C1E-4C54-BF7D-A4D48098A5D7}.AppStore|x64.ActiveCfg = Release|Any CPU
		{D6ACCA0E-2C1E-4C54-BF7D-A4D48098A5D7}.AppStore|x64.Build.0 = Release|Any CPU
		{D6ACCA0E-2C1E-4C54-BF7D-A4D48098A5D7}.AppStore|x64.Deploy.0 = Release|Any CPU
		{D6ACCA0E-2C1E-4C54-BF7D-A4D48098A5D7}.AppStore|x86.ActiveCfg = Release|Any CPU
		{D6ACCA0E-2C1E-4C54-BF7D-A4D48098A5D7}.AppStore|x86.Build.0 = Release|Any CPU
		{D6ACCA0E-2C1E-4C54-BF7D-A4D48098A5D7}.AppStore|x86.Deploy.0 = Release|Any CPU
		{D6ACCA0E-2C1E-4C54-BF7D-A4D48098A5D7}.Debug|Any CPU.ActiveCfg = Debug|Any CPU
		{D6ACCA0E-2C1E-4C54-BF7D-A4D48098A5D7}.Debug|Any CPU.Build.0 = Debug|Any CPU
		{D6ACCA0E-2C1E-4C54-BF7D-A4D48098A5D7}.Debug|Any CPU.Deploy.0 = Debug|Any CPU
		{D6ACCA0E-2C1E-4C54-BF7D-A4D48098A5D7}.Debug|ARM.ActiveCfg = Debug|Any CPU
		{D6ACCA0E-2C1E-4C54-BF7D-A4D48098A5D7}.Debug|ARM.Build.0 = Debug|Any CPU
		{D6ACCA0E-2C1E-4C54-BF7D-A4D48098A5D7}.Debug|ARM.Deploy.0 = Debug|Any CPU
		{D6ACCA0E-2C1E-4C54-BF7D-A4D48098A5D7}.Debug|iPhone.ActiveCfg = Debug|Any CPU
		{D6ACCA0E-2C1E-4C54-BF7D-A4D48098A5D7}.Debug|iPhone.Build.0 = Debug|Any CPU
		{D6ACCA0E-2C1E-4C54-BF7D-A4D48098A5D7}.Debug|iPhone.Deploy.0 = Debug|Any CPU
		{D6ACCA0E-2C1E-4C54-BF7D-A4D48098A5D7}.Debug|iPhoneSimulator.ActiveCfg = Debug|Any CPU
		{D6ACCA0E-2C1E-4C54-BF7D-A4D48098A5D7}.Debug|iPhoneSimulator.Build.0 = Debug|Any CPU
		{D6ACCA0E-2C1E-4C54-BF7D-A4D48098A5D7}.Debug|iPhoneSimulator.Deploy.0 = Debug|Any CPU
		{D6ACCA0E-2C1E-4C54-BF7D-A4D48098A5D7}.Debug|x64.ActiveCfg = Debug|Any CPU
		{D6ACCA0E-2C1E-4C54-BF7D-A4D48098A5D7}.Debug|x64.Build.0 = Debug|Any CPU
		{D6ACCA0E-2C1E-4C54-BF7D-A4D48098A5D7}.Debug|x64.Deploy.0 = Debug|Any CPU
		{D6ACCA0E-2C1E-4C54-BF7D-A4D48098A5D7}.Debug|x86.ActiveCfg = Debug|Any CPU
		{D6ACCA0E-2C1E-4C54-BF7D-A4D48098A5D7}.Debug|x86.Build.0 = Debug|Any CPU
		{D6ACCA0E-2C1E-4C54-BF7D-A4D48098A5D7}.Debug|x86.Deploy.0 = Debug|Any CPU
		{D6ACCA0E-2C1E-4C54-BF7D-A4D48098A5D7}.Release|Any CPU.ActiveCfg = Release|Any CPU
		{D6ACCA0E-2C1E-4C54-BF7D-A4D48098A5D7}.Release|Any CPU.Build.0 = Release|Any CPU
		{D6ACCA0E-2C1E-4C54-BF7D-A4D48098A5D7}.Release|Any CPU.Deploy.0 = Release|Any CPU
		{D6ACCA0E-2C1E-4C54-BF7D-A4D48098A5D7}.Release|ARM.ActiveCfg = Release|Any CPU
		{D6ACCA0E-2C1E-4C54-BF7D-A4D48098A5D7}.Release|ARM.Build.0 = Release|Any CPU
		{D6ACCA0E-2C1E-4C54-BF7D-A4D48098A5D7}.Release|ARM.Deploy.0 = Release|Any CPU
		{D6ACCA0E-2C1E-4C54-BF7D-A4D48098A5D7}.Release|iPhone.ActiveCfg = Release|Any CPU
		{D6ACCA0E-2C1E-4C54-BF7D-A4D48098A5D7}.Release|iPhone.Build.0 = Release|Any CPU
		{D6ACCA0E-2C1E-4C54-BF7D-A4D48098A5D7}.Release|iPhone.Deploy.0 = Release|Any CPU
		{D6ACCA0E-2C1E-4C54-BF7D-A4D48098A5D7}.Release|iPhoneSimulator.ActiveCfg = Release|Any CPU
		{D6ACCA0E-2C1E-4C54-BF7D-A4D48098A5D7}.Release|iPhoneSimulator.Build.0 = Release|Any CPU
		{D6ACCA0E-2C1E-4C54-BF7D-A4D48098A5D7}.Release|iPhoneSimulator.Deploy.0 = Release|Any CPU
		{D6ACCA0E-2C1E-4C54-BF7D-A4D48098A5D7}.Release|x64.ActiveCfg = Release|Any CPU
		{D6ACCA0E-2C1E-4C54-BF7D-A4D48098A5D7}.Release|x64.Build.0 = Release|Any CPU
		{D6ACCA0E-2C1E-4C54-BF7D-A4D48098A5D7}.Release|x64.Deploy.0 = Release|Any CPU
		{D6ACCA0E-2C1E-4C54-BF7D-A4D48098A5D7}.Release|x86.ActiveCfg = Release|Any CPU
		{D6ACCA0E-2C1E-4C54-BF7D-A4D48098A5D7}.Release|x86.Build.0 = Release|Any CPU
		{D6ACCA0E-2C1E-4C54-BF7D-A4D48098A5D7}.Release|x86.Deploy.0 = Release|Any CPU
		{7918F9CA-FEAD-4024-8448-F68F91DA6178}.Ad-Hoc|Any CPU.ActiveCfg = Release|Any CPU
		{7918F9CA-FEAD-4024-8448-F68F91DA6178}.Ad-Hoc|Any CPU.Build.0 = Release|Any CPU
		{7918F9CA-FEAD-4024-8448-F68F91DA6178}.Ad-Hoc|ARM.ActiveCfg = Release|Any CPU
		{7918F9CA-FEAD-4024-8448-F68F91DA6178}.Ad-Hoc|ARM.Build.0 = Release|Any CPU
		{7918F9CA-FEAD-4024-8448-F68F91DA6178}.Ad-Hoc|iPhone.ActiveCfg = Release|Any CPU
		{7918F9CA-FEAD-4024-8448-F68F91DA6178}.Ad-Hoc|iPhone.Build.0 = Release|Any CPU
		{7918F9CA-FEAD-4024-8448-F68F91DA6178}.Ad-Hoc|iPhoneSimulator.ActiveCfg = Release|Any CPU
		{7918F9CA-FEAD-4024-8448-F68F91DA6178}.Ad-Hoc|iPhoneSimulator.Build.0 = Release|Any CPU
		{7918F9CA-FEAD-4024-8448-F68F91DA6178}.Ad-Hoc|x64.ActiveCfg = Release|Any CPU
		{7918F9CA-FEAD-4024-8448-F68F91DA6178}.Ad-Hoc|x64.Build.0 = Release|Any CPU
		{7918F9CA-FEAD-4024-8448-F68F91DA6178}.Ad-Hoc|x86.ActiveCfg = Release|Any CPU
		{7918F9CA-FEAD-4024-8448-F68F91DA6178}.Ad-Hoc|x86.Build.0 = Release|Any CPU
		{7918F9CA-FEAD-4024-8448-F68F91DA6178}.AppStore|Any CPU.ActiveCfg = Release|Any CPU
		{7918F9CA-FEAD-4024-8448-F68F91DA6178}.AppStore|Any CPU.Build.0 = Release|Any CPU
		{7918F9CA-FEAD-4024-8448-F68F91DA6178}.AppStore|ARM.ActiveCfg = Release|Any CPU
		{7918F9CA-FEAD-4024-8448-F68F91DA6178}.AppStore|ARM.Build.0 = Release|Any CPU
		{7918F9CA-FEAD-4024-8448-F68F91DA6178}.AppStore|iPhone.ActiveCfg = Release|Any CPU
		{7918F9CA-FEAD-4024-8448-F68F91DA6178}.AppStore|iPhone.Build.0 = Release|Any CPU
		{7918F9CA-FEAD-4024-8448-F68F91DA6178}.AppStore|iPhoneSimulator.ActiveCfg = Release|Any CPU
		{7918F9CA-FEAD-4024-8448-F68F91DA6178}.AppStore|iPhoneSimulator.Build.0 = Release|Any CPU
		{7918F9CA-FEAD-4024-8448-F68F91DA6178}.AppStore|x64.ActiveCfg = Release|Any CPU
		{7918F9CA-FEAD-4024-8448-F68F91DA6178}.AppStore|x64.Build.0 = Release|Any CPU
		{7918F9CA-FEAD-4024-8448-F68F91DA6178}.AppStore|x86.ActiveCfg = Release|Any CPU
		{7918F9CA-FEAD-4024-8448-F68F91DA6178}.AppStore|x86.Build.0 = Release|Any CPU
		{7918F9CA-FEAD-4024-8448-F68F91DA6178}.Debug|Any CPU.ActiveCfg = Debug|Any CPU
		{7918F9CA-FEAD-4024-8448-F68F91DA6178}.Debug|Any CPU.Build.0 = Debug|Any CPU
		{7918F9CA-FEAD-4024-8448-F68F91DA6178}.Debug|ARM.ActiveCfg = Debug|Any CPU
		{7918F9CA-FEAD-4024-8448-F68F91DA6178}.Debug|ARM.Build.0 = Debug|Any CPU
		{7918F9CA-FEAD-4024-8448-F68F91DA6178}.Debug|iPhone.ActiveCfg = Debug|Any CPU
		{7918F9CA-FEAD-4024-8448-F68F91DA6178}.Debug|iPhone.Build.0 = Debug|Any CPU
		{7918F9CA-FEAD-4024-8448-F68F91DA6178}.Debug|iPhoneSimulator.ActiveCfg = Debug|Any CPU
		{7918F9CA-FEAD-4024-8448-F68F91DA6178}.Debug|iPhoneSimulator.Build.0 = Debug|Any CPU
		{7918F9CA-FEAD-4024-8448-F68F91DA6178}.Debug|x64.ActiveCfg = Debug|Any CPU
		{7918F9CA-FEAD-4024-8448-F68F91DA6178}.Debug|x64.Build.0 = Debug|Any CPU
		{7918F9CA-FEAD-4024-8448-F68F91DA6178}.Debug|x86.ActiveCfg = Debug|Any CPU
		{7918F9CA-FEAD-4024-8448-F68F91DA6178}.Debug|x86.Build.0 = Debug|Any CPU
		{7918F9CA-FEAD-4024-8448-F68F91DA6178}.Release|Any CPU.ActiveCfg = Release|Any CPU
		{7918F9CA-FEAD-4024-8448-F68F91DA6178}.Release|Any CPU.Build.0 = Release|Any CPU
		{7918F9CA-FEAD-4024-8448-F68F91DA6178}.Release|ARM.ActiveCfg = Release|Any CPU
		{7918F9CA-FEAD-4024-8448-F68F91DA6178}.Release|ARM.Build.0 = Release|Any CPU
		{7918F9CA-FEAD-4024-8448-F68F91DA6178}.Release|iPhone.ActiveCfg = Release|Any CPU
		{7918F9CA-FEAD-4024-8448-F68F91DA6178}.Release|iPhone.Build.0 = Release|Any CPU
		{7918F9CA-FEAD-4024-8448-F68F91DA6178}.Release|iPhoneSimulator.ActiveCfg = Release|Any CPU
		{7918F9CA-FEAD-4024-8448-F68F91DA6178}.Release|iPhoneSimulator.Build.0 = Release|Any CPU
		{7918F9CA-FEAD-4024-8448-F68F91DA6178}.Release|x64.ActiveCfg = Release|Any CPU
		{7918F9CA-FEAD-4024-8448-F68F91DA6178}.Release|x64.Build.0 = Release|Any CPU
		{7918F9CA-FEAD-4024-8448-F68F91DA6178}.Release|x86.ActiveCfg = Release|Any CPU
		{7918F9CA-FEAD-4024-8448-F68F91DA6178}.Release|x86.Build.0 = Release|Any CPU
		{E41F858A-8E2B-4C55-AEC9-C65A53E1402C}.Ad-Hoc|Any CPU.ActiveCfg = Release|x86
		{E41F858A-8E2B-4C55-AEC9-C65A53E1402C}.Ad-Hoc|Any CPU.Build.0 = Release|x86
		{E41F858A-8E2B-4C55-AEC9-C65A53E1402C}.Ad-Hoc|Any CPU.Deploy.0 = Release|x86
		{E41F858A-8E2B-4C55-AEC9-C65A53E1402C}.Ad-Hoc|ARM.ActiveCfg = Release|ARM
		{E41F858A-8E2B-4C55-AEC9-C65A53E1402C}.Ad-Hoc|ARM.Build.0 = Release|ARM
		{E41F858A-8E2B-4C55-AEC9-C65A53E1402C}.Ad-Hoc|ARM.Deploy.0 = Release|ARM
		{E41F858A-8E2B-4C55-AEC9-C65A53E1402C}.Ad-Hoc|iPhone.ActiveCfg = Release|x86
		{E41F858A-8E2B-4C55-AEC9-C65A53E1402C}.Ad-Hoc|iPhone.Build.0 = Release|x86
		{E41F858A-8E2B-4C55-AEC9-C65A53E1402C}.Ad-Hoc|iPhone.Deploy.0 = Release|x86
		{E41F858A-8E2B-4C55-AEC9-C65A53E1402C}.Ad-Hoc|iPhoneSimulator.ActiveCfg = Release|x86
		{E41F858A-8E2B-4C55-AEC9-C65A53E1402C}.Ad-Hoc|iPhoneSimulator.Build.0 = Release|x86
		{E41F858A-8E2B-4C55-AEC9-C65A53E1402C}.Ad-Hoc|iPhoneSimulator.Deploy.0 = Release|x86
		{E41F858A-8E2B-4C55-AEC9-C65A53E1402C}.Ad-Hoc|x64.ActiveCfg = Release|x64
		{E41F858A-8E2B-4C55-AEC9-C65A53E1402C}.Ad-Hoc|x64.Build.0 = Release|x64
		{E41F858A-8E2B-4C55-AEC9-C65A53E1402C}.Ad-Hoc|x64.Deploy.0 = Release|x64
		{E41F858A-8E2B-4C55-AEC9-C65A53E1402C}.Ad-Hoc|x86.ActiveCfg = Release|x86
		{E41F858A-8E2B-4C55-AEC9-C65A53E1402C}.Ad-Hoc|x86.Build.0 = Release|x86
		{E41F858A-8E2B-4C55-AEC9-C65A53E1402C}.Ad-Hoc|x86.Deploy.0 = Release|x86
		{E41F858A-8E2B-4C55-AEC9-C65A53E1402C}.AppStore|Any CPU.ActiveCfg = Release|x86
		{E41F858A-8E2B-4C55-AEC9-C65A53E1402C}.AppStore|Any CPU.Build.0 = Release|x86
		{E41F858A-8E2B-4C55-AEC9-C65A53E1402C}.AppStore|Any CPU.Deploy.0 = Release|x86
		{E41F858A-8E2B-4C55-AEC9-C65A53E1402C}.AppStore|ARM.ActiveCfg = Release|ARM
		{E41F858A-8E2B-4C55-AEC9-C65A53E1402C}.AppStore|ARM.Build.0 = Release|ARM
		{E41F858A-8E2B-4C55-AEC9-C65A53E1402C}.AppStore|ARM.Deploy.0 = Release|ARM
		{E41F858A-8E2B-4C55-AEC9-C65A53E1402C}.AppStore|iPhone.ActiveCfg = Release|x86
		{E41F858A-8E2B-4C55-AEC9-C65A53E1402C}.AppStore|iPhone.Build.0 = Release|x86
		{E41F858A-8E2B-4C55-AEC9-C65A53E1402C}.AppStore|iPhone.Deploy.0 = Release|x86
		{E41F858A-8E2B-4C55-AEC9-C65A53E1402C}.AppStore|iPhoneSimulator.ActiveCfg = Release|x86
		{E41F858A-8E2B-4C55-AEC9-C65A53E1402C}.AppStore|iPhoneSimulator.Build.0 = Release|x86
		{E41F858A-8E2B-4C55-AEC9-C65A53E1402C}.AppStore|iPhoneSimulator.Deploy.0 = Release|x86
		{E41F858A-8E2B-4C55-AEC9-C65A53E1402C}.AppStore|x64.ActiveCfg = Release|x64
		{E41F858A-8E2B-4C55-AEC9-C65A53E1402C}.AppStore|x64.Build.0 = Release|x64
		{E41F858A-8E2B-4C55-AEC9-C65A53E1402C}.AppStore|x64.Deploy.0 = Release|x64
		{E41F858A-8E2B-4C55-AEC9-C65A53E1402C}.AppStore|x86.ActiveCfg = Release|x86
		{E41F858A-8E2B-4C55-AEC9-C65A53E1402C}.AppStore|x86.Build.0 = Release|x86
		{E41F858A-8E2B-4C55-AEC9-C65A53E1402C}.AppStore|x86.Deploy.0 = Release|x86
		{E41F858A-8E2B-4C55-AEC9-C65A53E1402C}.Debug|Any CPU.ActiveCfg = Debug|x86
		{E41F858A-8E2B-4C55-AEC9-C65A53E1402C}.Debug|Any CPU.Build.0 = Debug|x86
		{E41F858A-8E2B-4C55-AEC9-C65A53E1402C}.Debug|Any CPU.Deploy.0 = Debug|x86
		{E41F858A-8E2B-4C55-AEC9-C65A53E1402C}.Debug|ARM.ActiveCfg = Debug|ARM
		{E41F858A-8E2B-4C55-AEC9-C65A53E1402C}.Debug|ARM.Build.0 = Debug|ARM
		{E41F858A-8E2B-4C55-AEC9-C65A53E1402C}.Debug|ARM.Deploy.0 = Debug|ARM
		{E41F858A-8E2B-4C55-AEC9-C65A53E1402C}.Debug|iPhone.ActiveCfg = Debug|x86
		{E41F858A-8E2B-4C55-AEC9-C65A53E1402C}.Debug|iPhoneSimulator.ActiveCfg = Debug|x86
		{E41F858A-8E2B-4C55-AEC9-C65A53E1402C}.Debug|x64.ActiveCfg = Debug|x64
		{E41F858A-8E2B-4C55-AEC9-C65A53E1402C}.Debug|x64.Build.0 = Debug|x64
		{E41F858A-8E2B-4C55-AEC9-C65A53E1402C}.Debug|x64.Deploy.0 = Debug|x64
		{E41F858A-8E2B-4C55-AEC9-C65A53E1402C}.Debug|x86.ActiveCfg = Debug|x86
		{E41F858A-8E2B-4C55-AEC9-C65A53E1402C}.Debug|x86.Build.0 = Debug|x86
		{E41F858A-8E2B-4C55-AEC9-C65A53E1402C}.Debug|x86.Deploy.0 = Debug|x86
		{E41F858A-8E2B-4C55-AEC9-C65A53E1402C}.Release|Any CPU.ActiveCfg = Release|x86
		{E41F858A-8E2B-4C55-AEC9-C65A53E1402C}.Release|ARM.ActiveCfg = Release|ARM
		{E41F858A-8E2B-4C55-AEC9-C65A53E1402C}.Release|ARM.Build.0 = Release|ARM
		{E41F858A-8E2B-4C55-AEC9-C65A53E1402C}.Release|ARM.Deploy.0 = Release|ARM
		{E41F858A-8E2B-4C55-AEC9-C65A53E1402C}.Release|iPhone.ActiveCfg = Release|x86
		{E41F858A-8E2B-4C55-AEC9-C65A53E1402C}.Release|iPhoneSimulator.ActiveCfg = Release|x86
		{E41F858A-8E2B-4C55-AEC9-C65A53E1402C}.Release|x64.ActiveCfg = Release|x64
		{E41F858A-8E2B-4C55-AEC9-C65A53E1402C}.Release|x64.Build.0 = Release|x64
		{E41F858A-8E2B-4C55-AEC9-C65A53E1402C}.Release|x64.Deploy.0 = Release|x64
		{E41F858A-8E2B-4C55-AEC9-C65A53E1402C}.Release|x86.ActiveCfg = Release|x86
		{E41F858A-8E2B-4C55-AEC9-C65A53E1402C}.Release|x86.Build.0 = Release|x86
		{E41F858A-8E2B-4C55-AEC9-C65A53E1402C}.Release|x86.Deploy.0 = Release|x86
		{87495C9E-7FA4-4594-9DEA-A7DED8FFB5DA}.Ad-Hoc|Any CPU.ActiveCfg = Ad-Hoc|iPhoneSimulator
		{87495C9E-7FA4-4594-9DEA-A7DED8FFB5DA}.Ad-Hoc|ARM.ActiveCfg = Ad-Hoc|iPhone
		{87495C9E-7FA4-4594-9DEA-A7DED8FFB5DA}.Ad-Hoc|iPhone.ActiveCfg = Ad-Hoc|iPhone
		{87495C9E-7FA4-4594-9DEA-A7DED8FFB5DA}.Ad-Hoc|iPhone.Build.0 = Ad-Hoc|iPhone
		{87495C9E-7FA4-4594-9DEA-A7DED8FFB5DA}.Ad-Hoc|iPhoneSimulator.ActiveCfg = Ad-Hoc|iPhoneSimulator
		{87495C9E-7FA4-4594-9DEA-A7DED8FFB5DA}.Ad-Hoc|iPhoneSimulator.Build.0 = Ad-Hoc|iPhoneSimulator
		{87495C9E-7FA4-4594-9DEA-A7DED8FFB5DA}.Ad-Hoc|x64.ActiveCfg = Ad-Hoc|iPhone
		{87495C9E-7FA4-4594-9DEA-A7DED8FFB5DA}.Ad-Hoc|x86.ActiveCfg = Ad-Hoc|iPhone
		{87495C9E-7FA4-4594-9DEA-A7DED8FFB5DA}.AppStore|Any CPU.ActiveCfg = AppStore|iPhoneSimulator
		{87495C9E-7FA4-4594-9DEA-A7DED8FFB5DA}.AppStore|ARM.ActiveCfg = AppStore|iPhone
		{87495C9E-7FA4-4594-9DEA-A7DED8FFB5DA}.AppStore|iPhone.ActiveCfg = AppStore|iPhone
		{87495C9E-7FA4-4594-9DEA-A7DED8FFB5DA}.AppStore|iPhone.Build.0 = AppStore|iPhone
		{87495C9E-7FA4-4594-9DEA-A7DED8FFB5DA}.AppStore|iPhoneSimulator.ActiveCfg = AppStore|iPhoneSimulator
		{87495C9E-7FA4-4594-9DEA-A7DED8FFB5DA}.AppStore|iPhoneSimulator.Build.0 = AppStore|iPhoneSimulator
		{87495C9E-7FA4-4594-9DEA-A7DED8FFB5DA}.AppStore|x64.ActiveCfg = AppStore|iPhone
		{87495C9E-7FA4-4594-9DEA-A7DED8FFB5DA}.AppStore|x86.ActiveCfg = AppStore|iPhone
		{87495C9E-7FA4-4594-9DEA-A7DED8FFB5DA}.Debug|Any CPU.ActiveCfg = Debug|iPhoneSimulator
		{87495C9E-7FA4-4594-9DEA-A7DED8FFB5DA}.Debug|Any CPU.Build.0 = Debug|iPhoneSimulator
		{87495C9E-7FA4-4594-9DEA-A7DED8FFB5DA}.Debug|ARM.ActiveCfg = Debug|iPhone
		{87495C9E-7FA4-4594-9DEA-A7DED8FFB5DA}.Debug|iPhone.ActiveCfg = Debug|iPhone
		{87495C9E-7FA4-4594-9DEA-A7DED8FFB5DA}.Debug|iPhone.Build.0 = Debug|iPhone
		{87495C9E-7FA4-4594-9DEA-A7DED8FFB5DA}.Debug|iPhoneSimulator.ActiveCfg = Debug|iPhoneSimulator
		{87495C9E-7FA4-4594-9DEA-A7DED8FFB5DA}.Debug|iPhoneSimulator.Build.0 = Debug|iPhoneSimulator
		{87495C9E-7FA4-4594-9DEA-A7DED8FFB5DA}.Debug|x64.ActiveCfg = Debug|iPhone
		{87495C9E-7FA4-4594-9DEA-A7DED8FFB5DA}.Debug|x86.ActiveCfg = Debug|iPhone
		{87495C9E-7FA4-4594-9DEA-A7DED8FFB5DA}.Release|Any CPU.ActiveCfg = Release|iPhoneSimulator
		{87495C9E-7FA4-4594-9DEA-A7DED8FFB5DA}.Release|ARM.ActiveCfg = Release|iPhone
		{87495C9E-7FA4-4594-9DEA-A7DED8FFB5DA}.Release|iPhone.ActiveCfg = Release|iPhone
		{87495C9E-7FA4-4594-9DEA-A7DED8FFB5DA}.Release|iPhone.Build.0 = Release|iPhone
		{87495C9E-7FA4-4594-9DEA-A7DED8FFB5DA}.Release|iPhoneSimulator.ActiveCfg = Release|iPhoneSimulator
		{87495C9E-7FA4-4594-9DEA-A7DED8FFB5DA}.Release|iPhoneSimulator.Build.0 = Release|iPhoneSimulator
		{87495C9E-7FA4-4594-9DEA-A7DED8FFB5DA}.Release|x64.ActiveCfg = Release|iPhone
		{87495C9E-7FA4-4594-9DEA-A7DED8FFB5DA}.Release|x86.ActiveCfg = Release|iPhone
		{7389288B-C377-46E8-9078-1D7FD405C9E4}.Ad-Hoc|Any CPU.ActiveCfg = Release|Any CPU
		{7389288B-C377-46E8-9078-1D7FD405C9E4}.Ad-Hoc|Any CPU.Build.0 = Release|Any CPU
		{7389288B-C377-46E8-9078-1D7FD405C9E4}.Ad-Hoc|ARM.ActiveCfg = Release|Any CPU
		{7389288B-C377-46E8-9078-1D7FD405C9E4}.Ad-Hoc|ARM.Build.0 = Release|Any CPU
		{7389288B-C377-46E8-9078-1D7FD405C9E4}.Ad-Hoc|iPhone.ActiveCfg = Release|Any CPU
		{7389288B-C377-46E8-9078-1D7FD405C9E4}.Ad-Hoc|iPhone.Build.0 = Release|Any CPU
		{7389288B-C377-46E8-9078-1D7FD405C9E4}.Ad-Hoc|iPhoneSimulator.ActiveCfg = Release|Any CPU
		{7389288B-C377-46E8-9078-1D7FD405C9E4}.Ad-Hoc|iPhoneSimulator.Build.0 = Release|Any CPU
		{7389288B-C377-46E8-9078-1D7FD405C9E4}.Ad-Hoc|x64.ActiveCfg = Release|Any CPU
		{7389288B-C377-46E8-9078-1D7FD405C9E4}.Ad-Hoc|x64.Build.0 = Release|Any CPU
		{7389288B-C377-46E8-9078-1D7FD405C9E4}.Ad-Hoc|x86.ActiveCfg = Release|Any CPU
		{7389288B-C377-46E8-9078-1D7FD405C9E4}.Ad-Hoc|x86.Build.0 = Release|Any CPU
		{7389288B-C377-46E8-9078-1D7FD405C9E4}.AppStore|Any CPU.ActiveCfg = Release|Any CPU
		{7389288B-C377-46E8-9078-1D7FD405C9E4}.AppStore|Any CPU.Build.0 = Release|Any CPU
		{7389288B-C377-46E8-9078-1D7FD405C9E4}.AppStore|ARM.ActiveCfg = Release|Any CPU
		{7389288B-C377-46E8-9078-1D7FD405C9E4}.AppStore|ARM.Build.0 = Release|Any CPU
		{7389288B-C377-46E8-9078-1D7FD405C9E4}.AppStore|iPhone.ActiveCfg = Release|Any CPU
		{7389288B-C377-46E8-9078-1D7FD405C9E4}.AppStore|iPhone.Build.0 = Release|Any CPU
		{7389288B-C377-46E8-9078-1D7FD405C9E4}.AppStore|iPhoneSimulator.ActiveCfg = Release|Any CPU
		{7389288B-C377-46E8-9078-1D7FD405C9E4}.AppStore|iPhoneSimulator.Build.0 = Release|Any CPU
		{7389288B-C377-46E8-9078-1D7FD405C9E4}.AppStore|x64.ActiveCfg = Release|Any CPU
		{7389288B-C377-46E8-9078-1D7FD405C9E4}.AppStore|x64.Build.0 = Release|Any CPU
		{7389288B-C377-46E8-9078-1D7FD405C9E4}.AppStore|x86.ActiveCfg = Release|Any CPU
		{7389288B-C377-46E8-9078-1D7FD405C9E4}.AppStore|x86.Build.0 = Release|Any CPU
		{7389288B-C377-46E8-9078-1D7FD405C9E4}.Debug|Any CPU.ActiveCfg = Debug|Any CPU
		{7389288B-C377-46E8-9078-1D7FD405C9E4}.Debug|Any CPU.Build.0 = Debug|Any CPU
		{7389288B-C377-46E8-9078-1D7FD405C9E4}.Debug|ARM.ActiveCfg = Debug|Any CPU
		{7389288B-C377-46E8-9078-1D7FD405C9E4}.Debug|ARM.Build.0 = Debug|Any CPU
		{7389288B-C377-46E8-9078-1D7FD405C9E4}.Debug|iPhone.ActiveCfg = Debug|Any CPU
		{7389288B-C377-46E8-9078-1D7FD405C9E4}.Debug|iPhone.Build.0 = Debug|Any CPU
		{7389288B-C377-46E8-9078-1D7FD405C9E4}.Debug|iPhoneSimulator.ActiveCfg = Debug|Any CPU
		{7389288B-C377-46E8-9078-1D7FD405C9E4}.Debug|iPhoneSimulator.Build.0 = Debug|Any CPU
		{7389288B-C377-46E8-9078-1D7FD405C9E4}.Debug|x64.ActiveCfg = Debug|Any CPU
		{7389288B-C377-46E8-9078-1D7FD405C9E4}.Debug|x64.Build.0 = Debug|Any CPU
		{7389288B-C377-46E8-9078-1D7FD405C9E4}.Debug|x86.ActiveCfg = Debug|Any CPU
		{7389288B-C377-46E8-9078-1D7FD405C9E4}.Debug|x86.Build.0 = Debug|Any CPU
		{7389288B-C377-46E8-9078-1D7FD405C9E4}.Release|Any CPU.ActiveCfg = Release|Any CPU
		{7389288B-C377-46E8-9078-1D7FD405C9E4}.Release|Any CPU.Build.0 = Release|Any CPU
		{7389288B-C377-46E8-9078-1D7FD405C9E4}.Release|ARM.ActiveCfg = Release|Any CPU
		{7389288B-C377-46E8-9078-1D7FD405C9E4}.Release|ARM.Build.0 = Release|Any CPU
		{7389288B-C377-46E8-9078-1D7FD405C9E4}.Release|iPhone.ActiveCfg = Release|Any CPU
		{7389288B-C377-46E8-9078-1D7FD405C9E4}.Release|iPhone.Build.0 = Release|Any CPU
		{7389288B-C377-46E8-9078-1D7FD405C9E4}.Release|iPhoneSimulator.ActiveCfg = Release|Any CPU
		{7389288B-C377-46E8-9078-1D7FD405C9E4}.Release|iPhoneSimulator.Build.0 = Release|Any CPU
		{7389288B-C377-46E8-9078-1D7FD405C9E4}.Release|x64.ActiveCfg = Release|Any CPU
		{7389288B-C377-46E8-9078-1D7FD405C9E4}.Release|x64.Build.0 = Release|Any CPU
		{7389288B-C377-46E8-9078-1D7FD405C9E4}.Release|x86.ActiveCfg = Release|Any CPU
		{7389288B-C377-46E8-9078-1D7FD405C9E4}.Release|x86.Build.0 = Release|Any CPU
		{D6B439CA-8CD7-4DF1-BB27-FA5D19CBD67A}.Ad-Hoc|Any CPU.ActiveCfg = Release|Any CPU
		{D6B439CA-8CD7-4DF1-BB27-FA5D19CBD67A}.Ad-Hoc|Any CPU.Build.0 = Release|Any CPU
		{D6B439CA-8CD7-4DF1-BB27-FA5D19CBD67A}.Ad-Hoc|ARM.ActiveCfg = Release|Any CPU
		{D6B439CA-8CD7-4DF1-BB27-FA5D19CBD67A}.Ad-Hoc|ARM.Build.0 = Release|Any CPU
		{D6B439CA-8CD7-4DF1-BB27-FA5D19CBD67A}.Ad-Hoc|iPhone.ActiveCfg = Release|Any CPU
		{D6B439CA-8CD7-4DF1-BB27-FA5D19CBD67A}.Ad-Hoc|iPhone.Build.0 = Release|Any CPU
		{D6B439CA-8CD7-4DF1-BB27-FA5D19CBD67A}.Ad-Hoc|iPhoneSimulator.ActiveCfg = Release|Any CPU
		{D6B439CA-8CD7-4DF1-BB27-FA5D19CBD67A}.Ad-Hoc|iPhoneSimulator.Build.0 = Release|Any CPU
		{D6B439CA-8CD7-4DF1-BB27-FA5D19CBD67A}.Ad-Hoc|x64.ActiveCfg = Release|Any CPU
		{D6B439CA-8CD7-4DF1-BB27-FA5D19CBD67A}.Ad-Hoc|x64.Build.0 = Release|Any CPU
		{D6B439CA-8CD7-4DF1-BB27-FA5D19CBD67A}.Ad-Hoc|x86.ActiveCfg = Release|Any CPU
		{D6B439CA-8CD7-4DF1-BB27-FA5D19CBD67A}.Ad-Hoc|x86.Build.0 = Release|Any CPU
		{D6B439CA-8CD7-4DF1-BB27-FA5D19CBD67A}.AppStore|Any CPU.ActiveCfg = Release|Any CPU
		{D6B439CA-8CD7-4DF1-BB27-FA5D19CBD67A}.AppStore|Any CPU.Build.0 = Release|Any CPU
		{D6B439CA-8CD7-4DF1-BB27-FA5D19CBD67A}.AppStore|ARM.ActiveCfg = Release|Any CPU
		{D6B439CA-8CD7-4DF1-BB27-FA5D19CBD67A}.AppStore|ARM.Build.0 = Release|Any CPU
		{D6B439CA-8CD7-4DF1-BB27-FA5D19CBD67A}.AppStore|iPhone.ActiveCfg = Release|Any CPU
		{D6B439CA-8CD7-4DF1-BB27-FA5D19CBD67A}.AppStore|iPhone.Build.0 = Release|Any CPU
		{D6B439CA-8CD7-4DF1-BB27-FA5D19CBD67A}.AppStore|iPhoneSimulator.ActiveCfg = Release|Any CPU
		{D6B439CA-8CD7-4DF1-BB27-FA5D19CBD67A}.AppStore|iPhoneSimulator.Build.0 = Release|Any CPU
		{D6B439CA-8CD7-4DF1-BB27-FA5D19CBD67A}.AppStore|x64.ActiveCfg = Release|Any CPU
		{D6B439CA-8CD7-4DF1-BB27-FA5D19CBD67A}.AppStore|x64.Build.0 = Release|Any CPU
		{D6B439CA-8CD7-4DF1-BB27-FA5D19CBD67A}.AppStore|x86.ActiveCfg = Release|Any CPU
		{D6B439CA-8CD7-4DF1-BB27-FA5D19CBD67A}.AppStore|x86.Build.0 = Release|Any CPU
		{D6B439CA-8CD7-4DF1-BB27-FA5D19CBD67A}.Debug|Any CPU.ActiveCfg = Debug|Any CPU
		{D6B439CA-8CD7-4DF1-BB27-FA5D19CBD67A}.Debug|Any CPU.Build.0 = Debug|Any CPU
		{D6B439CA-8CD7-4DF1-BB27-FA5D19CBD67A}.Debug|ARM.ActiveCfg = Debug|Any CPU
		{D6B439CA-8CD7-4DF1-BB27-FA5D19CBD67A}.Debug|ARM.Build.0 = Debug|Any CPU
		{D6B439CA-8CD7-4DF1-BB27-FA5D19CBD67A}.Debug|iPhone.ActiveCfg = Debug|Any CPU
		{D6B439CA-8CD7-4DF1-BB27-FA5D19CBD67A}.Debug|iPhone.Build.0 = Debug|Any CPU
		{D6B439CA-8CD7-4DF1-BB27-FA5D19CBD67A}.Debug|iPhoneSimulator.ActiveCfg = Debug|Any CPU
		{D6B439CA-8CD7-4DF1-BB27-FA5D19CBD67A}.Debug|iPhoneSimulator.Build.0 = Debug|Any CPU
		{D6B439CA-8CD7-4DF1-BB27-FA5D19CBD67A}.Debug|x64.ActiveCfg = Debug|Any CPU
		{D6B439CA-8CD7-4DF1-BB27-FA5D19CBD67A}.Debug|x64.Build.0 = Debug|Any CPU
		{D6B439CA-8CD7-4DF1-BB27-FA5D19CBD67A}.Debug|x86.ActiveCfg = Debug|Any CPU
		{D6B439CA-8CD7-4DF1-BB27-FA5D19CBD67A}.Debug|x86.Build.0 = Debug|Any CPU
		{D6B439CA-8CD7-4DF1-BB27-FA5D19CBD67A}.Release|Any CPU.ActiveCfg = Release|Any CPU
		{D6B439CA-8CD7-4DF1-BB27-FA5D19CBD67A}.Release|Any CPU.Build.0 = Release|Any CPU
		{D6B439CA-8CD7-4DF1-BB27-FA5D19CBD67A}.Release|ARM.ActiveCfg = Release|Any CPU
		{D6B439CA-8CD7-4DF1-BB27-FA5D19CBD67A}.Release|ARM.Build.0 = Release|Any CPU
		{D6B439CA-8CD7-4DF1-BB27-FA5D19CBD67A}.Release|iPhone.ActiveCfg = Release|Any CPU
		{D6B439CA-8CD7-4DF1-BB27-FA5D19CBD67A}.Release|iPhone.Build.0 = Release|Any CPU
		{D6B439CA-8CD7-4DF1-BB27-FA5D19CBD67A}.Release|iPhoneSimulator.ActiveCfg = Release|Any CPU
		{D6B439CA-8CD7-4DF1-BB27-FA5D19CBD67A}.Release|iPhoneSimulator.Build.0 = Release|Any CPU
		{D6B439CA-8CD7-4DF1-BB27-FA5D19CBD67A}.Release|x64.ActiveCfg = Release|Any CPU
		{D6B439CA-8CD7-4DF1-BB27-FA5D19CBD67A}.Release|x64.Build.0 = Release|Any CPU
		{D6B439CA-8CD7-4DF1-BB27-FA5D19CBD67A}.Release|x86.ActiveCfg = Release|Any CPU
		{D6B439CA-8CD7-4DF1-BB27-FA5D19CBD67A}.Release|x86.Build.0 = Release|Any CPU
		{F7CE9F52-F07D-497C-8D7E-0FB5F8365F1A}.Ad-Hoc|Any CPU.ActiveCfg = Release|Any CPU
		{F7CE9F52-F07D-497C-8D7E-0FB5F8365F1A}.Ad-Hoc|Any CPU.Build.0 = Release|Any CPU
		{F7CE9F52-F07D-497C-8D7E-0FB5F8365F1A}.Ad-Hoc|ARM.ActiveCfg = Release|Any CPU
		{F7CE9F52-F07D-497C-8D7E-0FB5F8365F1A}.Ad-Hoc|ARM.Build.0 = Release|Any CPU
		{F7CE9F52-F07D-497C-8D7E-0FB5F8365F1A}.Ad-Hoc|iPhone.ActiveCfg = Release|Any CPU
		{F7CE9F52-F07D-497C-8D7E-0FB5F8365F1A}.Ad-Hoc|iPhone.Build.0 = Release|Any CPU
		{F7CE9F52-F07D-497C-8D7E-0FB5F8365F1A}.Ad-Hoc|iPhoneSimulator.ActiveCfg = Release|Any CPU
		{F7CE9F52-F07D-497C-8D7E-0FB5F8365F1A}.Ad-Hoc|iPhoneSimulator.Build.0 = Release|Any CPU
		{F7CE9F52-F07D-497C-8D7E-0FB5F8365F1A}.Ad-Hoc|x64.ActiveCfg = Release|Any CPU
		{F7CE9F52-F07D-497C-8D7E-0FB5F8365F1A}.Ad-Hoc|x64.Build.0 = Release|Any CPU
		{F7CE9F52-F07D-497C-8D7E-0FB5F8365F1A}.Ad-Hoc|x86.ActiveCfg = Release|Any CPU
		{F7CE9F52-F07D-497C-8D7E-0FB5F8365F1A}.Ad-Hoc|x86.Build.0 = Release|Any CPU
		{F7CE9F52-F07D-497C-8D7E-0FB5F8365F1A}.AppStore|Any CPU.ActiveCfg = Release|Any CPU
		{F7CE9F52-F07D-497C-8D7E-0FB5F8365F1A}.AppStore|Any CPU.Build.0 = Release|Any CPU
		{F7CE9F52-F07D-497C-8D7E-0FB5F8365F1A}.AppStore|ARM.ActiveCfg = Release|Any CPU
		{F7CE9F52-F07D-497C-8D7E-0FB5F8365F1A}.AppStore|ARM.Build.0 = Release|Any CPU
		{F7CE9F52-F07D-497C-8D7E-0FB5F8365F1A}.AppStore|iPhone.ActiveCfg = Release|Any CPU
		{F7CE9F52-F07D-497C-8D7E-0FB5F8365F1A}.AppStore|iPhone.Build.0 = Release|Any CPU
		{F7CE9F52-F07D-497C-8D7E-0FB5F8365F1A}.AppStore|iPhoneSimulator.ActiveCfg = Release|Any CPU
		{F7CE9F52-F07D-497C-8D7E-0FB5F8365F1A}.AppStore|iPhoneSimulator.Build.0 = Release|Any CPU
		{F7CE9F52-F07D-497C-8D7E-0FB5F8365F1A}.AppStore|x64.ActiveCfg = Release|Any CPU
		{F7CE9F52-F07D-497C-8D7E-0FB5F8365F1A}.AppStore|x64.Build.0 = Release|Any CPU
		{F7CE9F52-F07D-497C-8D7E-0FB5F8365F1A}.AppStore|x86.ActiveCfg = Release|Any CPU
		{F7CE9F52-F07D-497C-8D7E-0FB5F8365F1A}.AppStore|x86.Build.0 = Release|Any CPU
		{F7CE9F52-F07D-497C-8D7E-0FB5F8365F1A}.Debug|Any CPU.ActiveCfg = Debug|Any CPU
		{F7CE9F52-F07D-497C-8D7E-0FB5F8365F1A}.Debug|Any CPU.Build.0 = Debug|Any CPU
		{F7CE9F52-F07D-497C-8D7E-0FB5F8365F1A}.Debug|ARM.ActiveCfg = Debug|Any CPU
		{F7CE9F52-F07D-497C-8D7E-0FB5F8365F1A}.Debug|ARM.Build.0 = Debug|Any CPU
		{F7CE9F52-F07D-497C-8D7E-0FB5F8365F1A}.Debug|iPhone.ActiveCfg = Debug|Any CPU
		{F7CE9F52-F07D-497C-8D7E-0FB5F8365F1A}.Debug|iPhone.Build.0 = Debug|Any CPU
		{F7CE9F52-F07D-497C-8D7E-0FB5F8365F1A}.Debug|iPhoneSimulator.ActiveCfg = Debug|Any CPU
		{F7CE9F52-F07D-497C-8D7E-0FB5F8365F1A}.Debug|iPhoneSimulator.Build.0 = Debug|Any CPU
		{F7CE9F52-F07D-497C-8D7E-0FB5F8365F1A}.Debug|x64.ActiveCfg = Debug|Any CPU
		{F7CE9F52-F07D-497C-8D7E-0FB5F8365F1A}.Debug|x64.Build.0 = Debug|Any CPU
		{F7CE9F52-F07D-497C-8D7E-0FB5F8365F1A}.Debug|x86.ActiveCfg = Debug|Any CPU
		{F7CE9F52-F07D-497C-8D7E-0FB5F8365F1A}.Debug|x86.Build.0 = Debug|Any CPU
		{F7CE9F52-F07D-497C-8D7E-0FB5F8365F1A}.Release|Any CPU.ActiveCfg = Release|Any CPU
		{F7CE9F52-F07D-497C-8D7E-0FB5F8365F1A}.Release|Any CPU.Build.0 = Release|Any CPU
		{F7CE9F52-F07D-497C-8D7E-0FB5F8365F1A}.Release|ARM.ActiveCfg = Release|Any CPU
		{F7CE9F52-F07D-497C-8D7E-0FB5F8365F1A}.Release|ARM.Build.0 = Release|Any CPU
		{F7CE9F52-F07D-497C-8D7E-0FB5F8365F1A}.Release|iPhone.ActiveCfg = Release|Any CPU
		{F7CE9F52-F07D-497C-8D7E-0FB5F8365F1A}.Release|iPhone.Build.0 = Release|Any CPU
		{F7CE9F52-F07D-497C-8D7E-0FB5F8365F1A}.Release|iPhoneSimulator.ActiveCfg = Release|Any CPU
		{F7CE9F52-F07D-497C-8D7E-0FB5F8365F1A}.Release|iPhoneSimulator.Build.0 = Release|Any CPU
		{F7CE9F52-F07D-497C-8D7E-0FB5F8365F1A}.Release|x64.ActiveCfg = Release|Any CPU
		{F7CE9F52-F07D-497C-8D7E-0FB5F8365F1A}.Release|x64.Build.0 = Release|Any CPU
		{F7CE9F52-F07D-497C-8D7E-0FB5F8365F1A}.Release|x86.ActiveCfg = Release|Any CPU
		{F7CE9F52-F07D-497C-8D7E-0FB5F8365F1A}.Release|x86.Build.0 = Release|Any CPU
		{512313FD-D03A-4664-9644-99FF60038241}.Ad-Hoc|Any CPU.ActiveCfg = Release|Any CPU
		{512313FD-D03A-4664-9644-99FF60038241}.Ad-Hoc|Any CPU.Build.0 = Release|Any CPU
		{512313FD-D03A-4664-9644-99FF60038241}.Ad-Hoc|ARM.ActiveCfg = Release|Any CPU
		{512313FD-D03A-4664-9644-99FF60038241}.Ad-Hoc|ARM.Build.0 = Release|Any CPU
		{512313FD-D03A-4664-9644-99FF60038241}.Ad-Hoc|iPhone.ActiveCfg = Release|Any CPU
		{512313FD-D03A-4664-9644-99FF60038241}.Ad-Hoc|iPhone.Build.0 = Release|Any CPU
		{512313FD-D03A-4664-9644-99FF60038241}.Ad-Hoc|iPhoneSimulator.ActiveCfg = Release|Any CPU
		{512313FD-D03A-4664-9644-99FF60038241}.Ad-Hoc|iPhoneSimulator.Build.0 = Release|Any CPU
		{512313FD-D03A-4664-9644-99FF60038241}.Ad-Hoc|x64.ActiveCfg = Release|Any CPU
		{512313FD-D03A-4664-9644-99FF60038241}.Ad-Hoc|x64.Build.0 = Release|Any CPU
		{512313FD-D03A-4664-9644-99FF60038241}.Ad-Hoc|x86.ActiveCfg = Release|Any CPU
		{512313FD-D03A-4664-9644-99FF60038241}.Ad-Hoc|x86.Build.0 = Release|Any CPU
		{512313FD-D03A-4664-9644-99FF60038241}.AppStore|Any CPU.ActiveCfg = Release|Any CPU
		{512313FD-D03A-4664-9644-99FF60038241}.AppStore|Any CPU.Build.0 = Release|Any CPU
		{512313FD-D03A-4664-9644-99FF60038241}.AppStore|ARM.ActiveCfg = Release|Any CPU
		{512313FD-D03A-4664-9644-99FF60038241}.AppStore|ARM.Build.0 = Release|Any CPU
		{512313FD-D03A-4664-9644-99FF60038241}.AppStore|iPhone.ActiveCfg = Release|Any CPU
		{512313FD-D03A-4664-9644-99FF60038241}.AppStore|iPhone.Build.0 = Release|Any CPU
		{512313FD-D03A-4664-9644-99FF60038241}.AppStore|iPhoneSimulator.ActiveCfg = Release|Any CPU
		{512313FD-D03A-4664-9644-99FF60038241}.AppStore|iPhoneSimulator.Build.0 = Release|Any CPU
		{512313FD-D03A-4664-9644-99FF60038241}.AppStore|x64.ActiveCfg = Release|Any CPU
		{512313FD-D03A-4664-9644-99FF60038241}.AppStore|x64.Build.0 = Release|Any CPU
		{512313FD-D03A-4664-9644-99FF60038241}.AppStore|x86.ActiveCfg = Release|Any CPU
		{512313FD-D03A-4664-9644-99FF60038241}.AppStore|x86.Build.0 = Release|Any CPU
		{512313FD-D03A-4664-9644-99FF60038241}.Debug|Any CPU.ActiveCfg = Debug|Any CPU
		{512313FD-D03A-4664-9644-99FF60038241}.Debug|Any CPU.Build.0 = Debug|Any CPU
		{512313FD-D03A-4664-9644-99FF60038241}.Debug|ARM.ActiveCfg = Debug|Any CPU
		{512313FD-D03A-4664-9644-99FF60038241}.Debug|ARM.Build.0 = Debug|Any CPU
		{512313FD-D03A-4664-9644-99FF60038241}.Debug|iPhone.ActiveCfg = Debug|Any CPU
		{512313FD-D03A-4664-9644-99FF60038241}.Debug|iPhone.Build.0 = Debug|Any CPU
		{512313FD-D03A-4664-9644-99FF60038241}.Debug|iPhoneSimulator.ActiveCfg = Debug|Any CPU
		{512313FD-D03A-4664-9644-99FF60038241}.Debug|iPhoneSimulator.Build.0 = Debug|Any CPU
		{512313FD-D03A-4664-9644-99FF60038241}.Debug|x64.ActiveCfg = Debug|Any CPU
		{512313FD-D03A-4664-9644-99FF60038241}.Debug|x64.Build.0 = Debug|Any CPU
		{512313FD-D03A-4664-9644-99FF60038241}.Debug|x86.ActiveCfg = Debug|Any CPU
		{512313FD-D03A-4664-9644-99FF60038241}.Debug|x86.Build.0 = Debug|Any CPU
		{512313FD-D03A-4664-9644-99FF60038241}.Release|Any CPU.ActiveCfg = Release|Any CPU
		{512313FD-D03A-4664-9644-99FF60038241}.Release|Any CPU.Build.0 = Release|Any CPU
		{512313FD-D03A-4664-9644-99FF60038241}.Release|ARM.ActiveCfg = Release|Any CPU
		{512313FD-D03A-4664-9644-99FF60038241}.Release|ARM.Build.0 = Release|Any CPU
		{512313FD-D03A-4664-9644-99FF60038241}.Release|iPhone.ActiveCfg = Release|Any CPU
		{512313FD-D03A-4664-9644-99FF60038241}.Release|iPhone.Build.0 = Release|Any CPU
		{512313FD-D03A-4664-9644-99FF60038241}.Release|iPhoneSimulator.ActiveCfg = Release|Any CPU
		{512313FD-D03A-4664-9644-99FF60038241}.Release|iPhoneSimulator.Build.0 = Release|Any CPU
		{512313FD-D03A-4664-9644-99FF60038241}.Release|x64.ActiveCfg = Release|Any CPU
		{512313FD-D03A-4664-9644-99FF60038241}.Release|x64.Build.0 = Release|Any CPU
		{512313FD-D03A-4664-9644-99FF60038241}.Release|x86.ActiveCfg = Release|Any CPU
		{512313FD-D03A-4664-9644-99FF60038241}.Release|x86.Build.0 = Release|Any CPU
	EndGlobalSection
	GlobalSection(SolutionProperties) = preSolution
		HideSolutionNode = FALSE
	EndGlobalSection
	GlobalSection(ExtensibilityGlobals) = postSolution
		SolutionGuid = {6F59247F-CFA1-45B2-8005-C18C323FC803}
	EndGlobalSection
EndGlobal
